{
  "name": "test_app",
  "lockfileVersion": 3,
  "requires": true,
  "packages": {
    "": {
      "dependencies": {
        "@pipedrive/app-extensions-sdk": "^0.9.0"
      }
    },
    "node_modules/@pipedrive/app-extensions-sdk": {
      "version": "0.9.0",
      "resolved": "https://registry.npmjs.org/@pipedrive/app-extensions-sdk/-/app-extensions-sdk-0.9.0.tgz",
      "integrity": "sha512-CHuV4R/2L6X2b6xYyoykD+muOyUSZSaY04+T9hBDaYUXV/vDDCio59HMtdoaLtzwlkXuCOHu6kVb4IndgJUayg=="
    }
  }
}
